
Microsoft Visual Studio Solution File, Format Version 12.00
# Visual Studio Version 17
VisualStudioVersion = 17.11.35312.102
MinimumVisualStudioVersion = 10.0.40219.1
Project("{FAE04EC0-301F-11D3-BF4B-00C04F79EFBC}") = "ChovEvid", "ChovEvidApi\ChovEvid.csproj", "{31830080-B91C-42C5-AF27-9CE132A61A8B}"
EndProject
Global
	GlobalSection(SolutionConfigurationPlatforms) = preSolution
		Debug|Any CPU = Debug|Any CPU
		Release|Any CPU = Release|Any CPU
	EndGlobalSection
	GlobalSection(ProjectConfigurationPlatforms) = postSolution
		{31830080-B91C-42C5-AF27-9CE132A61A8B}.Debug|Any CPU.ActiveCfg = Debug|Any CPU
		{31830080-B91C-42C5-AF27-9CE132A61A8B}.Debug|Any CPU.Build.0 = Debug|Any CPU
		{31830080-B91C-42C5-AF27-9CE132A61A8B}.Release|Any CPU.ActiveCfg = Release|Any CPU
		{31830080-B91C-42C5-AF27-9CE132A61A8B}.Release|Any CPU.Build.0 = Release|Any CPU
	EndGlobalSection
	GlobalSection(SolutionProperties) = preSolution
		HideSolutionNode = FALSE
	EndGlobalSection
	GlobalSection(ExtensibilityGlobals) = postSolution
		SolutionGuid = {E6524DDB-0E65-466C-815A-CDC8C3BBF6F8}
	EndGlobalSection
EndGlobal
